
Microsoft Visual Studio Solution File, Format Version 9.00
# Visual C++ Express 2005
Project("{8BC9CEB8-8B4A-11D0-8D11-00A0C91BC942}") = "pHash", "pHash.vcproj", "{77CBB71D-EC4C-4F2B-9CAC-8E739A0E2C8A}"
EndProject
Project("{8BC9CEB8-8B4A-11D0-8D11-00A0C91BC942}") = "testaudio", "..\testaudio\testaudio.vcproj", "{5DF982AB-36B1-443E-A9D3-5BE305DC8FFB}"
EndProject
Global
	GlobalSection(SolutionConfigurationPlatforms) = preSolution
		Debug|Win32 = Debug|Win32
		Release|Win32 = Release|Win32
	EndGlobalSection
	GlobalSection(ProjectConfigurationPlatforms) = postSolution
		{77CBB71D-EC4C-4F2B-9CAC-8E739A0E2C8A}.Debug|Win32.ActiveCfg = Debug|Win32
		{77CBB71D-EC4C-4F2B-9CAC-8E739A0E2C8A}.Debug|Win32.Build.0 = Debug|Win32
		{77CBB71D-EC4C-4F2B-9CAC-8E739A0E2C8A}.Release|Win32.ActiveCfg = Release|Win32
		{77CBB71D-EC4C-4F2B-9CAC-8E739A0E2C8A}.Release|Win32.Build.0 = Release|Win32
		{5DF982AB-36B1-443E-A9D3-5BE305DC8FFB}.Debug|Win32.ActiveCfg = Debug|Win32
		{5DF982AB-36B1-443E-A9D3-5BE305DC8FFB}.Debug|Win32.Build.0 = Debug|Win32
		{5DF982AB-36B1-443E-A9D3-5BE305DC8FFB}.Release|Win32.ActiveCfg = Release|Win32
		{5DF982AB-36B1-443E-A9D3-5BE305DC8FFB}.Release|Win32.Build.0 = Release|Win32
	EndGlobalSection
	GlobalSection(SolutionProperties) = preSolution
		HideSolutionNode = FALSE
	EndGlobalSection
EndGlobal
