
Microsoft Visual Studio Solution File, Format Version 9.00
# Visual C++ Express 2005
Project("{8BC9CEB8-8B4A-11D0-8D11-00A0C91BC942}") = "pHash", "pHash.vcproj", "{77CBB71D-EC4C-4F2B-9CAC-8E739A0E2C8A}"
EndProject
Project("{8BC9CEB8-8B4A-11D0-8D11-00A0C91BC942}") = "testaudio", "..\testaudio\testaudio.vcproj", "{5DF982AB-36B1-443E-A9D3-5BE305DC8FFB}"
EndProject
Project("{8BC9CEB8-8B4A-11D0-8D11-00A0C91BC942}") = "testmhimage", "..\testmhimage\testmhimage.vcproj", "{7E9970BA-6F47-4777-81EF-8DF507CCECCC}"
EndProject
Project("{8BC9CEB8-8B4A-11D0-8D11-00A0C91BC942}") = "buildmvptree_mhimage", "..\buildmvptree\buildmvptree.vcproj", "{6AB3E639-AAFB-4611-A175-AD2BFD1B5273}"
EndProject
Project("{8BC9CEB8-8B4A-11D0-8D11-00A0C91BC942}") = "addmvptree_mhimage", "..\addmvptree\addmvptree.vcproj", "{95F51657-B5A9-4F52-802D-6CD2A29DD892}"
EndProject
Project("{8BC9CEB8-8B4A-11D0-8D11-00A0C91BC942}") = "querymvptree_mhimage", "..\querymvptree\querymvptree.vcproj", "{01FFD9AE-0522-43CE-853B-2C914BAAAB24}"
EndProject
Project("{8BC9CEB8-8B4A-11D0-8D11-00A0C91BC942}") = "buildmvptree_dctimage", "..\buildmvptree2\buildmvptree2.vcproj", "{1039AA3D-5394-45EA-BF7F-FDE25C6A31E1}"
EndProject
Project("{8BC9CEB8-8B4A-11D0-8D11-00A0C91BC942}") = "addmvptree_dctimage", "..\addmvptree2\addmvptree2.vcproj", "{CB2B26DC-AFD1-499C-A02D-9AE3B23FA233}"
EndProject
Project("{8BC9CEB8-8B4A-11D0-8D11-00A0C91BC942}") = "querymvptree_dctimage", "..\querymvptree2\querymvptree2.vcproj", "{0B567061-5505-4770-84D3-1667016A8177}"
EndProject
Project("{8BC9CEB8-8B4A-11D0-8D11-00A0C91BC942}") = "buildmvptreeaudio", "..\buildmvptree3\buildmvptree3.vcproj", "{AAE5057F-CEF0-43D2-9270-4CA6DA8D3241}"
EndProject
Project("{8BC9CEB8-8B4A-11D0-8D11-00A0C91BC942}") = "addmvptreeaudio", "..\addmvptree3\addmvptree3.vcproj", "{2F273052-3A61-48DA-8CFF-BDAB0F602D3A}"
EndProject
Project("{8BC9CEB8-8B4A-11D0-8D11-00A0C91BC942}") = "querymvptreeaudio", "..\querymvptree3\querymvptree3.vcproj", "{6AE0A43D-D32F-4F81-B736-A2EF880B4B52}"
EndProject
Global
	GlobalSection(SolutionConfigurationPlatforms) = preSolution
		Debug|Win32 = Debug|Win32
		Release|Win32 = Release|Win32
	EndGlobalSection
	GlobalSection(ProjectConfigurationPlatforms) = postSolution
		{77CBB71D-EC4C-4F2B-9CAC-8E739A0E2C8A}.Debug|Win32.ActiveCfg = Debug|Win32
		{77CBB71D-EC4C-4F2B-9CAC-8E739A0E2C8A}.Debug|Win32.Build.0 = Debug|Win32
		{77CBB71D-EC4C-4F2B-9CAC-8E739A0E2C8A}.Release|Win32.ActiveCfg = Release|Win32
		{77CBB71D-EC4C-4F2B-9CAC-8E739A0E2C8A}.Release|Win32.Build.0 = Release|Win32
		{5DF982AB-36B1-443E-A9D3-5BE305DC8FFB}.Debug|Win32.ActiveCfg = Debug|Win32
		{5DF982AB-36B1-443E-A9D3-5BE305DC8FFB}.Debug|Win32.Build.0 = Debug|Win32
		{5DF982AB-36B1-443E-A9D3-5BE305DC8FFB}.Release|Win32.ActiveCfg = Release|Win32
		{5DF982AB-36B1-443E-A9D3-5BE305DC8FFB}.Release|Win32.Build.0 = Release|Win32
		{7E9970BA-6F47-4777-81EF-8DF507CCECCC}.Debug|Win32.ActiveCfg = Debug|Win32
		{7E9970BA-6F47-4777-81EF-8DF507CCECCC}.Debug|Win32.Build.0 = Debug|Win32
		{7E9970BA-6F47-4777-81EF-8DF507CCECCC}.Release|Win32.ActiveCfg = Release|Win32
		{7E9970BA-6F47-4777-81EF-8DF507CCECCC}.Release|Win32.Build.0 = Release|Win32
		{6AB3E639-AAFB-4611-A175-AD2BFD1B5273}.Debug|Win32.ActiveCfg = Debug|Win32
		{6AB3E639-AAFB-4611-A175-AD2BFD1B5273}.Debug|Win32.Build.0 = Debug|Win32
		{6AB3E639-AAFB-4611-A175-AD2BFD1B5273}.Release|Win32.ActiveCfg = Release|Win32
		{6AB3E639-AAFB-4611-A175-AD2BFD1B5273}.Release|Win32.Build.0 = Release|Win32
		{95F51657-B5A9-4F52-802D-6CD2A29DD892}.Debug|Win32.ActiveCfg = Debug|Win32
		{95F51657-B5A9-4F52-802D-6CD2A29DD892}.Debug|Win32.Build.0 = Debug|Win32
		{95F51657-B5A9-4F52-802D-6CD2A29DD892}.Release|Win32.ActiveCfg = Release|Win32
		{95F51657-B5A9-4F52-802D-6CD2A29DD892}.Release|Win32.Build.0 = Release|Win32
		{01FFD9AE-0522-43CE-853B-2C914BAAAB24}.Debug|Win32.ActiveCfg = Debug|Win32
		{01FFD9AE-0522-43CE-853B-2C914BAAAB24}.Debug|Win32.Build.0 = Debug|Win32
		{01FFD9AE-0522-43CE-853B-2C914BAAAB24}.Release|Win32.ActiveCfg = Release|Win32
		{01FFD9AE-0522-43CE-853B-2C914BAAAB24}.Release|Win32.Build.0 = Release|Win32
		{1039AA3D-5394-45EA-BF7F-FDE25C6A31E1}.Debug|Win32.ActiveCfg = Debug|Win32
		{1039AA3D-5394-45EA-BF7F-FDE25C6A31E1}.Debug|Win32.Build.0 = Debug|Win32
		{1039AA3D-5394-45EA-BF7F-FDE25C6A31E1}.Release|Win32.ActiveCfg = Release|Win32
		{1039AA3D-5394-45EA-BF7F-FDE25C6A31E1}.Release|Win32.Build.0 = Release|Win32
		{CB2B26DC-AFD1-499C-A02D-9AE3B23FA233}.Debug|Win32.ActiveCfg = Debug|Win32
		{CB2B26DC-AFD1-499C-A02D-9AE3B23FA233}.Debug|Win32.Build.0 = Debug|Win32
		{CB2B26DC-AFD1-499C-A02D-9AE3B23FA233}.Release|Win32.ActiveCfg = Release|Win32
		{CB2B26DC-AFD1-499C-A02D-9AE3B23FA233}.Release|Win32.Build.0 = Release|Win32
		{0B567061-5505-4770-84D3-1667016A8177}.Debug|Win32.ActiveCfg = Debug|Win32
		{0B567061-5505-4770-84D3-1667016A8177}.Debug|Win32.Build.0 = Debug|Win32
		{0B567061-5505-4770-84D3-1667016A8177}.Release|Win32.ActiveCfg = Release|Win32
		{0B567061-5505-4770-84D3-1667016A8177}.Release|Win32.Build.0 = Release|Win32
		{AAE5057F-CEF0-43D2-9270-4CA6DA8D3241}.Debug|Win32.ActiveCfg = Debug|Win32
		{AAE5057F-CEF0-43D2-9270-4CA6DA8D3241}.Debug|Win32.Build.0 = Debug|Win32
		{AAE5057F-CEF0-43D2-9270-4CA6DA8D3241}.Release|Win32.ActiveCfg = Release|Win32
		{AAE5057F-CEF0-43D2-9270-4CA6DA8D3241}.Release|Win32.Build.0 = Release|Win32
		{2F273052-3A61-48DA-8CFF-BDAB0F602D3A}.Debug|Win32.ActiveCfg = Debug|Win32
		{2F273052-3A61-48DA-8CFF-BDAB0F602D3A}.Debug|Win32.Build.0 = Debug|Win32
		{2F273052-3A61-48DA-8CFF-BDAB0F602D3A}.Release|Win32.ActiveCfg = Release|Win32
		{2F273052-3A61-48DA-8CFF-BDAB0F602D3A}.Release|Win32.Build.0 = Release|Win32
		{6AE0A43D-D32F-4F81-B736-A2EF880B4B52}.Debug|Win32.ActiveCfg = Debug|Win32
		{6AE0A43D-D32F-4F81-B736-A2EF880B4B52}.Debug|Win32.Build.0 = Debug|Win32
		{6AE0A43D-D32F-4F81-B736-A2EF880B4B52}.Release|Win32.ActiveCfg = Release|Win32
		{6AE0A43D-D32F-4F81-B736-A2EF880B4B52}.Release|Win32.Build.0 = Release|Win32
	EndGlobalSection
	GlobalSection(SolutionProperties) = preSolution
		HideSolutionNode = FALSE
	EndGlobalSection
EndGlobal
